{
  "name": "test",
  "version": "1.0.0",
  "lockfileVersion": 1,
  "requires": true,
  "dependencies": {
    "aws-sdk": {
      "version": "2.6.3",
      "resolved": "http://registry.npmjs.org/aws-sdk/-/aws-sdk-2.6.3.tgz",
      "integrity": "sha1-KqqoP4hK3Z0vBM/ZK4HnEHK6414=",
      "dev": true,
      "requires": {
        "buffer": "4.9.1",
        "crypto-browserify": "1.0.9",
        "jmespath": "0.15.0",
        "sax": "1.1.5",
        "xml2js": "0.4.15",
        "xmlbuilder": "2.6.2"
      }
    },
    "base64-js": {
      "version": "1.3.0",
      "resolved": "https://registry.npmjs.org/base64-js/-/base64-js-1.3.0.tgz",
      "integrity": "sha512-ccav/yGvoa80BQDljCxsmmQ3Xvx60/UpBIij5QN21W3wBi/hhIC9OoO+KLpu9IJTS9j4DRVJ3aDDF9cMSoa2lw==",
      "dev": true
    },
    "buffer": {
      "version": "4.9.1",
      "resolved": "http://registry.npmjs.org/buffer/-/buffer-4.9.1.tgz",
      "integrity": "sha1-bRu2AbB6TvztlwlBMgkwJ8lbwpg=",
      "dev": true,
      "requires": {
        "base64-js": "^1.0.2",
        "ieee754": "^1.1.4",
        "isarray": "^1.0.0"
      }
    },
    "crypto-browserify": {
      "version": "1.0.9",
      "resolved": "http://registry.npmjs.org/crypto-browserify/-/crypto-browserify-1.0.9.tgz",
      "integrity": "sha1-zFRJaF37hesRyYKKzHy4erW7/MA=",
      "dev": true
    },
    "ieee754": {
      "version": "1.1.12",
      "resolved": "https://registry.npmjs.org/ieee754/-/ieee754-1.1.12.tgz",
      "integrity": "sha512-GguP+DRY+pJ3soyIiGPTvdiVXjZ+DbXOxGpXn3eMvNW4x4irjqXm4wHKscC+TfxSJ0yw/S1F24tqdMNsMZTiLA==",
      "dev": true
    },
    "isarray": {
      "version": "1.0.0",
      "resolved": "https://registry.npmjs.org/isarray/-/isarray-1.0.0.tgz",
      "integrity": "sha1-u5NdSFgsuhaMBoNJV6VKPgcSTxE=",
      "dev": true
    },
    "jmespath": {
      "version": "0.15.0",
      "resolved": "https://registry.npmjs.org/jmespath/-/jmespath-0.15.0.tgz",
      "integrity": "sha1-o/Iiqarp+Wb10nx5ZRDigJF2Qhc=",
      "dev": true
    },
    "lodash": {
      "version": "3.5.0",
      "resolved": "http://registry.npmjs.org/lodash/-/lodash-3.5.0.tgz",
      "integrity": "sha1-Gbs/TVEnjwuMgY7RRcdOz5/kDm0=",
      "dev": true
    },
    "sax": {
      "version": "1.1.5",
      "resolved": "http://registry.npmjs.org/sax/-/sax-1.1.5.tgz",
      "integrity": "sha1-HaUKjQDN7NWUBWWfX/hTSf53N0M=",
      "dev": true
    },
    "xml2js": {
      "version": "0.4.15",
      "resolved": "https://registry.npmjs.org/xml2js/-/xml2js-0.4.15.tgz",
      "integrity": "sha1-lc0D/y3RROwovGJzvysokMWBrQw=",
      "dev": true,
      "requires": {
        "sax": ">=0.6.0",
        "xmlbuilder": ">=2.4.6"
      }
    },
    "xmlbuilder": {
      "version": "2.6.2",
      "resolved": "http://registry.npmjs.org/xmlbuilder/-/xmlbuilder-2.6.2.tgz",
      "integrity": "sha1-+Rb20Q1F3BcbG+Lm5nP7bgzDXQo=",
      "dev": true,
      "requires": {
        "lodash": "~3.5.0"
      }
    }
  }
}
